{
  "name": "warehouse-catering",
  "version": "0.1.0",
  "lockfileVersion": 3,
  "requires": true,
  "packages": {
    "": {
      "name": "warehouse-catering",
      "version": "0.1.0",
      "license": "MIT",
      "workspaces": [
        "packages/*",
        "apps/*"
      ]
    },
    "node_modules/@app/shared": {
      "resolved": "packages/shared",
      "link": true
    },
    "packages/shared": {
      "name": "@app/shared",
      "version": "0.1.0"
    }
  }
}
